// !$*UTF8*$!
{
	archiveVersion = 1;
	classes = {
	};
	objectVersion = 46;
	objects = {

/* Begin PBXBuildFile section */
		0B3C41281B5A7F1700D7FEEF /* main.m in Sources */ = {isa = PBXBuildFile; fileRef = 0B3C41271B5A7F1700D7FEEF /* main.m */; };
		0B3C412B1B5A7F1700D7FEEF /* AppDelegate.m in Sources */ = {isa = PBXBuildFile; fileRef = 0B3C412A1B5A7F1700D7FEEF /* AppDelegate.m */; };
		0B3C412E1B5A7F1700D7FEEF /* ViewController.m in Sources */ = {isa = PBXBuildFile; fileRef = 0B3C412D1B5A7F1700D7FEEF /* ViewController.m */; };
		0B3C41311B5A7F1700D7FEEF /* Main.storyboard in Resources */ = {isa = PBXBuildFile; fileRef = 0B3C412F1B5A7F1700D7FEEF /* Main.storyboard */; };
		0B3C41331B5A7F1700D7FEEF /* Images.xcassets in Resources */ = {isa = PBXBuildFile; fileRef = 0B3C41321B5A7F1700D7FEEF /* Images.xcassets */; };
		0B3C41361B5A7F1700D7FEEF /* LaunchScreen.xib in Resources */ = {isa = PBXBuildFile; fileRef = 0B3C41341B5A7F1700D7FEEF /* LaunchScreen.xib */; };
		0B3C41421B5A7F1700D7FEEF /* SmartPaymentTests.m in Sources */ = {isa = PBXBuildFile; fileRef = 0B3C41411B5A7F1700D7FEEF /* SmartPaymentTests.m */; };
		0B6C3DBA1B6015DD0012FDF6 /* VVCardExpiryTextField.m in Sources */ = {isa = PBXBuildFile; fileRef = 0B6C3DB91B6015DD0012FDF6 /* VVCardExpiryTextField.m */; };
		0B7EDCA81B64F44B00F41B3E /* VVValidatedTextField.m in Sources */ = {isa = PBXBuildFile; fileRef = 0B7EDCA71B64F44B00F41B3E /* VVValidatedTextField.m */; };
		0BA8DFDB1B5A80FE00A6A674 /* VVCardNumberTextField.m in Sources */ = {isa = PBXBuildFile; fileRef = 0BA8DFDA1B5A80FE00A6A674 /* VVCardNumberTextField.m */; };
/* End PBXBuildFile section */

/* Begin PBXContainerItemProxy section */
		0B3C413C1B5A7F1700D7FEEF /* PBXContainerItemProxy */ = {
			isa = PBXContainerItemProxy;
			containerPortal = 0B3C411A1B5A7F1700D7FEEF /* Project object */;
			proxyType = 1;
			remoteGlobalIDString = 0B3C41211B5A7F1700D7FEEF;
			remoteInfo = SmartPayment;
		};
/* End PBXContainerItemProxy section */

/* Begin PBXFileReference section */
		0B3C41221B5A7F1700D7FEEF /* SmartPayment.app */ = {isa = PBXFileReference; explicitFileType = wrapper.application; includeInIndex = 0; path = SmartPayment.app; sourceTree = BUILT_PRODUCTS_DIR; };
		0B3C41261B5A7F1700D7FEEF /* Info.plist */ = {isa = PBXFileReference; lastKnownFileType = text.plist.xml; path = Info.plist; sourceTree = "<group>"; };
		0B3C41271B5A7F1700D7FEEF /* main.m */ = {isa = PBXFileReference; lastKnownFileType = sourcecode.c.objc; path = main.m; sourceTree = "<group>"; };
		0B3C41291B5A7F1700D7FEEF /* AppDelegate.h */ = {isa = PBXFileReference; lastKnownFileType = sourcecode.c.h; path = AppDelegate.h; sourceTree = "<group>"; };
		0B3C412A1B5A7F1700D7FEEF /* AppDelegate.m */ = {isa = PBXFileReference; lastKnownFileType = sourcecode.c.objc; path = AppDelegate.m; sourceTree = "<group>"; };
		0B3C412C1B5A7F1700D7FEEF /* ViewController.h */ = {isa = PBXFileReference; lastKnownFileType = sourcecode.c.h; path = ViewController.h; sourceTree = "<group>"; };
		0B3C412D1B5A7F1700D7FEEF /* ViewController.m */ = {isa = PBXFileReference; lastKnownFileType = sourcecode.c.objc; path = ViewController.m; sourceTree = "<group>"; };
		0B3C41301B5A7F1700D7FEEF /* Base */ = {isa = PBXFileReference; lastKnownFileType = file.storyboard; name = Base; path = Base.lproj/Main.storyboard; sourceTree = "<group>"; };
		0B3C41321B5A7F1700D7FEEF /* Images.xcassets */ = {isa = PBXFileReference; lastKnownFileType = folder.assetcatalog; path = Images.xcassets; sourceTree = "<group>"; };
		0B3C41351B5A7F1700D7FEEF /* Base */ = {isa = PBXFileReference; lastKnownFileType = file.xib; name = Base; path = Base.lproj/LaunchScreen.xib; sourceTree = "<group>"; };
		0B3C413B1B5A7F1700D7FEEF /* SmartPaymentTests.xctest */ = {isa = PBXFileReference; explicitFileType = wrapper.cfbundle; includeInIndex = 0; path = SmartPaymentTests.xctest; sourceTree = BUILT_PRODUCTS_DIR; };
		0B3C41401B5A7F1700D7FEEF /* Info.plist */ = {isa = PBXFileReference; lastKnownFileType = text.plist.xml; path = Info.plist; sourceTree = "<group>"; };
		0B3C41411B5A7F1700D7FEEF /* SmartPaymentTests.m */ = {isa = PBXFileReference; lastKnownFileType = sourcecode.c.objc; path = SmartPaymentTests.m; sourceTree = "<group>"; };
		0B6C3DB81B6015DD0012FDF6 /* VVCardExpiryTextField.h */ = {isa = PBXFileReference; fileEncoding = 4; lastKnownFileType = sourcecode.c.h; path = VVCardExpiryTextField.h; sourceTree = "<group>"; };
		0B6C3DB91B6015DD0012FDF6 /* VVCardExpiryTextField.m */ = {isa = PBXFileReference; fileEncoding = 4; lastKnownFileType = sourcecode.c.objc; path = VVCardExpiryTextField.m; sourceTree = "<group>"; };
		0B7EDCA61B64F44B00F41B3E /* VVValidatedTextField.h */ = {isa = PBXFileReference; fileEncoding = 4; lastKnownFileType = sourcecode.c.h; path = VVValidatedTextField.h; sourceTree = "<group>"; };
		0B7EDCA71B64F44B00F41B3E /* VVValidatedTextField.m */ = {isa = PBXFileReference; fileEncoding = 4; lastKnownFileType = sourcecode.c.objc; path = VVValidatedTextField.m; sourceTree = "<group>"; };
		0BA8DFD91B5A80FE00A6A674 /* VVCardNumberTextField.h */ = {isa = PBXFileReference; fileEncoding = 4; lastKnownFileType = sourcecode.c.h; path = VVCardNumberTextField.h; sourceTree = "<group>"; };
		0BA8DFDA1B5A80FE00A6A674 /* VVCardNumberTextField.m */ = {isa = PBXFileReference; fileEncoding = 4; lastKnownFileType = sourcecode.c.objc; path = VVCardNumberTextField.m; sourceTree = "<group>"; };
/* End PBXFileReference section */

/* Begin PBXFrameworksBuildPhase section */
		0B3C411F1B5A7F1700D7FEEF /* Frameworks */ = {
			isa = PBXFrameworksBuildPhase;
			buildActionMask = 2147483647;
			files = (
			);
			runOnlyForDeploymentPostprocessing = 0;
		};
		0B3C41381B5A7F1700D7FEEF /* Frameworks */ = {
			isa = PBXFrameworksBuildPhase;
			buildActionMask = 2147483647;
			files = (
			);
			runOnlyForDeploymentPostprocessing = 0;
		};
/* End PBXFrameworksBuildPhase section */

/* Begin PBXGroup section */
		0B3C41191B5A7F1700D7FEEF = {
			isa = PBXGroup;
			children = (
				0B3C41241B5A7F1700D7FEEF /* SmartPayment */,
				0B3C413E1B5A7F1700D7FEEF /* SmartPaymentTests */,
				0B3C41231B5A7F1700D7FEEF /* Products */,
			);
			sourceTree = "<group>";
		};
		0B3C41231B5A7F1700D7FEEF /* Products */ = {
			isa = PBXGroup;
			children = (
				0B3C41221B5A7F1700D7FEEF /* SmartPayment.app */,
				0B3C413B1B5A7F1700D7FEEF /* SmartPaymentTests.xctest */,
			);
			name = Products;
			sourceTree = "<group>";
		};
		0B3C41241B5A7F1700D7FEEF /* SmartPayment */ = {
			isa = PBXGroup;
			children = (
				0BA8DFD81B5A80CC00A6A674 /* Classes */,
				0B3C41291B5A7F1700D7FEEF /* AppDelegate.h */,
				0B3C412A1B5A7F1700D7FEEF /* AppDelegate.m */,
				0B3C412C1B5A7F1700D7FEEF /* ViewController.h */,
				0B3C412D1B5A7F1700D7FEEF /* ViewController.m */,
				0B3C412F1B5A7F1700D7FEEF /* Main.storyboard */,
				0B3C41321B5A7F1700D7FEEF /* Images.xcassets */,
				0B3C41341B5A7F1700D7FEEF /* LaunchScreen.xib */,
				0B3C41251B5A7F1700D7FEEF /* Supporting Files */,
			);
			path = SmartPayment;
			sourceTree = "<group>";
		};
		0B3C41251B5A7F1700D7FEEF /* Supporting Files */ = {
			isa = PBXGroup;
			children = (
				0B3C41261B5A7F1700D7FEEF /* Info.plist */,
				0B3C41271B5A7F1700D7FEEF /* main.m */,
			);
			name = "Supporting Files";
			sourceTree = "<group>";
		};
		0B3C413E1B5A7F1700D7FEEF /* SmartPaymentTests */ = {
			isa = PBXGroup;
			children = (
				0B3C41411B5A7F1700D7FEEF /* SmartPaymentTests.m */,
				0B3C413F1B5A7F1700D7FEEF /* Supporting Files */,
			);
			path = SmartPaymentTests;
			sourceTree = "<group>";
		};
		0B3C413F1B5A7F1700D7FEEF /* Supporting Files */ = {
			isa = PBXGroup;
			children = (
				0B3C41401B5A7F1700D7FEEF /* Info.plist */,
			);
			name = "Supporting Files";
			sourceTree = "<group>";
		};
		0BA8DFD81B5A80CC00A6A674 /* Classes */ = {
			isa = PBXGroup;
			children = (
				0BA8DFD91B5A80FE00A6A674 /* VVCardNumberTextField.h */,
				0BA8DFDA1B5A80FE00A6A674 /* VVCardNumberTextField.m */,
				0B6C3DB81B6015DD0012FDF6 /* VVCardExpiryTextField.h */,
				0B6C3DB91B6015DD0012FDF6 /* VVCardExpiryTextField.m */,
				0B7EDCA61B64F44B00F41B3E /* VVValidatedTextField.h */,
				0B7EDCA71B64F44B00F41B3E /* VVValidatedTextField.m */,
			);
			path = Classes;
			sourceTree = "<group>";
		};
/* End PBXGroup section */

/* Begin PBXNativeTarget section */
		0B3C41211B5A7F1700D7FEEF /* SmartPayment */ = {
			isa = PBXNativeTarget;
			buildConfigurationList = 0B3C41451B5A7F1700D7FEEF /* Build configuration list for PBXNativeTarget "SmartPayment" */;
			buildPhases = (
				0B3C411E1B5A7F1700D7FEEF /* Sources */,
				0B3C411F1B5A7F1700D7FEEF /* Frameworks */,
				0B3C41201B5A7F1700D7FEEF /* Resources */,
			);
			buildRules = (
			);
			dependencies = (
			);
			name = SmartPayment;
			productName = SmartPayment;
			productReference = 0B3C41221B5A7F1700D7FEEF /* SmartPayment.app */;
			productType = "com.apple.product-type.application";
		};
		0B3C413A1B5A7F1700D7FEEF /* SmartPaymentTests */ = {
			isa = PBXNativeTarget;
			buildConfigurationList = 0B3C41481B5A7F1700D7FEEF /* Build configuration list for PBXNativeTarget "SmartPaymentTests" */;
			buildPhases = (
				0B3C41371B5A7F1700D7FEEF /* Sources */,
				0B3C41381B5A7F1700D7FEEF /* Frameworks */,
				0B3C41391B5A7F1700D7FEEF /* Resources */,
			);
			buildRules = (
			);
			dependencies = (
				0B3C413D1B5A7F1700D7FEEF /* PBXTargetDependency */,
			);
			name = SmartPaymentTests;
			productName = SmartPaymentTests;
			productReference = 0B3C413B1B5A7F1700D7FEEF /* SmartPaymentTests.xctest */;
			productType = "com.apple.product-type.bundle.unit-test";
		};
/* End PBXNativeTarget section */

/* Begin PBXProject section */
		0B3C411A1B5A7F1700D7FEEF /* Project object */ = {
			isa = PBXProject;
			attributes = {
				LastUpgradeCheck = 0640;
				ORGANIZATIONNAME = "Vinod Vishwanath";
				TargetAttributes = {
					0B3C41211B5A7F1700D7FEEF = {
						CreatedOnToolsVersion = 6.4;
					};
					0B3C413A1B5A7F1700D7FEEF = {
						CreatedOnToolsVersion = 6.4;
						TestTargetID = 0B3C41211B5A7F1700D7FEEF;
					};
				};
			};
			buildConfigurationList = 0B3C411D1B5A7F1700D7FEEF /* Build configuration list for PBXProject "SmartPayment" */;
			compatibilityVersion = "Xcode 3.2";
			developmentRegion = English;
			hasScannedForEncodings = 0;
			knownRegions = (
				en,
				Base,
			);
			mainGroup = 0B3C41191B5A7F1700D7FEEF;
			productRefGroup = 0B3C41231B5A7F1700D7FEEF /* Products */;
			projectDirPath = "";
			projectRoot = "";
			targets = (
				0B3C41211B5A7F1700D7FEEF /* SmartPayment */,
				0B3C413A1B5A7F1700D7FEEF /* SmartPaymentTests */,
			);
		};
/* End PBXProject section */

/* Begin PBXResourcesBuildPhase section */
		0B3C41201B5A7F1700D7FEEF /* Resources */ = {
			isa = PBXResourcesBuildPhase;
			buildActionMask = 2147483647;
			files = (
				0B3C41311B5A7F1700D7FEEF /* Main.storyboard in Resources */,
				0B3C41361B5A7F1700D7FEEF /* LaunchScreen.xib in Resources */,
				0B3C41331B5A7F1700D7FEEF /* Images.xcassets in Resources */,
			);
			runOnlyForDeploymentPostprocessing = 0;
		};
		0B3C41391B5A7F1700D7FEEF /* Resources */ = {
			isa = PBXResourcesBuildPhase;
			buildActionMask = 2147483647;
			files = (
			);
			runOnlyForDeploymentPostprocessing = 0;
		};
/* End PBXResourcesBuildPhase section */

/* Begin PBXSourcesBuildPhase section */
		0B3C411E1B5A7F1700D7FEEF /* Sources */ = {
			isa = PBXSourcesBuildPhase;
			buildActionMask = 2147483647;
			files = (
				0B6C3DBA1B6015DD0012FDF6 /* VVCardExpiryTextField.m in Sources */,
				0B3C412E1B5A7F1700D7FEEF /* ViewController.m in Sources */,
				0B3C412B1B5A7F1700D7FEEF /* AppDelegate.m in Sources */,
				0BA8DFDB1B5A80FE00A6A674 /* VVCardNumberTextField.m in Sources */,
				0B7EDCA81B64F44B00F41B3E /* VVValidatedTextField.m in Sources */,
				0B3C41281B5A7F1700D7FEEF /* main.m in Sources */,
			);
			runOnlyForDeploymentPostprocessing = 0;
		};
		0B3C41371B5A7F1700D7FEEF /* Sources */ = {
			isa = PBXSourcesBuildPhase;
			buildActionMask = 2147483647;
			files = (
				0B3C41421B5A7F1700D7FEEF /* SmartPaymentTests.m in Sources */,
			);
			runOnlyForDeploymentPostprocessing = 0;
		};
/* End PBXSourcesBuildPhase section */

/* Begin PBXTargetDependency section */
		0B3C413D1B5A7F1700D7FEEF /* PBXTargetDependency */ = {
			isa = PBXTargetDependency;
			target = 0B3C41211B5A7F1700D7FEEF /* SmartPayment */;
			targetProxy = 0B3C413C1B5A7F1700D7FEEF /* PBXContainerItemProxy */;
		};
/* End PBXTargetDependency section */

/* Begin PBXVariantGroup section */
		0B3C412F1B5A7F1700D7FEEF /* Main.storyboard */ = {
			isa = PBXVariantGroup;
			children = (
				0B3C41301B5A7F1700D7FEEF /* Base */,
			);
			name = Main.storyboard;
			sourceTree = "<group>";
		};
		0B3C41341B5A7F1700D7FEEF /* LaunchScreen.xib */ = {
			isa = PBXVariantGroup;
			children = (
				0B3C41351B5A7F1700D7FEEF /* Base */,
			);
			name = LaunchScreen.xib;
			sourceTree = "<group>";
		};
/* End PBXVariantGroup section */

/* Begin XCBuildConfiguration section */
		0B3C41431B5A7F1700D7FEEF /* Debug */ = {
			isa = XCBuildConfiguration;
			buildSettings = {
				ALWAYS_SEARCH_USER_PATHS = NO;
				CLANG_CXX_LANGUAGE_STANDARD = "gnu++0x";
				CLANG_CXX_LIBRARY = "libc++";
				CLANG_ENABLE_MODULES = YES;
				CLANG_ENABLE_OBJC_ARC = YES;
				CLANG_WARN_BOOL_CONVERSION = YES;
				CLANG_WARN_CONSTANT_CONVERSION = YES;
				CLANG_WARN_DIRECT_OBJC_ISA_USAGE = YES_ERROR;
				CLANG_WARN_EMPTY_BODY = YES;
				CLANG_WARN_ENUM_CONVERSION = YES;
				CLANG_WARN_INT_CONVERSION = YES;
				CLANG_WARN_OBJC_ROOT_CLASS = YES_ERROR;
				CLANG_WARN_UNREACHABLE_CODE = YES;
				CLANG_WARN__DUPLICATE_METHOD_MATCH = YES;
				"CODE_SIGN_IDENTITY[sdk=iphoneos*]" = "iPhone Developer";
				COPY_PHASE_STRIP = NO;
				DEBUG_INFORMATION_FORMAT = "dwarf-with-dsym";
				ENABLE_STRICT_OBJC_MSGSEND = YES;
				GCC_C_LANGUAGE_STANDARD = gnu99;
				GCC_DYNAMIC_NO_PIC = NO;
				GCC_NO_COMMON_BLOCKS = YES;
				GCC_OPTIMIZATION_LEVEL = 0;
				GCC_PREPROCESSOR_DEFINITIONS = (
					"DEBUG=1",
					"$(inherited)",
				);
				GCC_SYMBOLS_PRIVATE_EXTERN = NO;
				GCC_WARN_64_TO_32_BIT_CONVERSION = YES;
				GCC_WARN_ABOUT_RETURN_TYPE = YES_ERROR;
				GCC_WARN_UNDECLARED_SELECTOR = YES;
				GCC_WARN_UNINITIALIZED_AUTOS = YES_AGGRESSIVE;
				GCC_WARN_UNUSED_FUNCTION = YES;
				GCC_WARN_UNUSED_VARIABLE = YES;
				IPHONEOS_DEPLOYMENT_TARGET = 8.4;
				MTL_ENABLE_DEBUG_INFO = YES;
				ONLY_ACTIVE_ARCH = YES;
				SDKROOT = iphoneos;
			};
			name = Debug;
		};
		0B3C41441B5A7F1700D7FEEF /* Release */ = {
			isa = XCBuildConfiguration;
			buildSettings = {
				ALWAYS_SEARCH_USER_PATHS = NO;
				CLANG_CXX_LANGUAGE_STANDARD = "gnu++0x";
				CLANG_CXX_LIBRARY = "libc++";
				CLANG_ENABLE_MODULES = YES;
				CLANG_ENABLE_OBJC_ARC = YES;
				CLANG_WARN_BOOL_CONVERSION = YES;
				CLANG_WARN_CONSTANT_CONVERSION = YES;
				CLANG_WARN_DIRECT_OBJC_ISA_USAGE = YES_ERROR;
				CLANG_WARN_EMPTY_BODY = YES;
				CLANG_WARN_ENUM_CONVERSION = YES;
				CLANG_WARN_INT_CONVERSION = YES;
				CLANG_WARN_OBJC_ROOT_CLASS = YES_ERROR;
				CLANG_WARN_UNREACHABLE_CODE = YES;
				CLANG_WARN__DUPLICATE_METHOD_MATCH = YES;
				"CODE_SIGN_IDENTITY[sdk=iphoneos*]" = "iPhone Developer";
				COPY_PHASE_STRIP = NO;
				DEBUG_INFORMATION_FORMAT = "dwarf-with-dsym";
				ENABLE_NS_ASSERTIONS = NO;
				ENABLE_STRICT_OBJC_MSGSEND = YES;
				GCC_C_LANGUAGE_STANDARD = gnu99;
				GCC_NO_COMMON_BLOCKS = YES;
				GCC_WARN_64_TO_32_BIT_CONVERSION = YES;
				GCC_WARN_ABOUT_RETURN_TYPE = YES_ERROR;
				GCC_WARN_UNDECLARED_SELECTOR = YES;
				GCC_WARN_UNINITIALIZED_AUTOS = YES_AGGRESSIVE;
				GCC_WARN_UNUSED_FUNCTION = YES;
				GCC_WARN_UNUSED_VARIABLE = YES;
				IPHONEOS_DEPLOYMENT_TARGET = 8.4;
				MTL_ENABLE_DEBUG_INFO = NO;
				SDKROOT = iphoneos;
				VALIDATE_PRODUCT = YES;
			};
			name = Release;
		};
		0B3C41461B5A7F1700D7FEEF /* Debug */ = {
			isa = XCBuildConfiguration;
			buildSettings = {
				ASSETCATALOG_COMPILER_APPICON_NAME = AppIcon;
				INFOPLIST_FILE = SmartPayment/Info.plist;
				LD_RUNPATH_SEARCH_PATHS = "$(inherited) @executable_path/Frameworks";
				PRODUCT_NAME = "$(TARGET_NAME)";
			};
			name = Debug;
		};
		0B3C41471B5A7F1700D7FEEF /* Release */ = {
			isa = XCBuildConfiguration;
			buildSettings = {
				ASSETCATALOG_COMPILER_APPICON_NAME = AppIcon;
				INFOPLIST_FILE = SmartPayment/Info.plist;
				LD_RUNPATH_SEARCH_PATHS = "$(inherited) @executable_path/Frameworks";
				PRODUCT_NAME = "$(TARGET_NAME)";
			};
			name = Release;
		};
		0B3C41491B5A7F1700D7FEEF /* Debug */ = {
			isa = XCBuildConfiguration;
			buildSettings = {
				BUNDLE_LOADER = "$(TEST_HOST)";
				FRAMEWORK_SEARCH_PATHS = (
					"$(SDKROOT)/Developer/Library/Frameworks",
					"$(inherited)",
				);
				GCC_PREPROCESSOR_DEFINITIONS = (
					"DEBUG=1",
					"$(inherited)",
				);
				INFOPLIST_FILE = SmartPaymentTests/Info.plist;
				LD_RUNPATH_SEARCH_PATHS = "$(inherited) @executable_path/Frameworks @loader_path/Frameworks";
				PRODUCT_NAME = "$(TARGET_NAME)";
				TEST_HOST = "$(BUILT_PRODUCTS_DIR)/SmartPayment.app/SmartPayment";
			};
			name = Debug;
		};
		0B3C414A1B5A7F1700D7FEEF /* Release */ = {
			isa = XCBuildConfiguration;
			buildSettings = {
				BUNDLE_LOADER = "$(TEST_HOST)";
				FRAMEWORK_SEARCH_PATHS = (
					"$(SDKROOT)/Developer/Library/Frameworks",
					"$(inherited)",
				);
				INFOPLIST_FILE = SmartPaymentTests/Info.plist;
				LD_RUNPATH_SEARCH_PATHS = "$(inherited) @executable_path/Frameworks @loader_path/Frameworks";
				PRODUCT_NAME = "$(TARGET_NAME)";
				TEST_HOST = "$(BUILT_PRODUCTS_DIR)/SmartPayment.app/SmartPayment";
			};
			name = Release;
		};
/* End XCBuildConfiguration section */

/* Begin XCConfigurationList section */
		0B3C411D1B5A7F1700D7FEEF /* Build configuration list for PBXProject "SmartPayment" */ = {
			isa = XCConfigurationList;
			buildConfigurations = (
				0B3C41431B5A7F1700D7FEEF /* Debug */,
				0B3C41441B5A7F1700D7FEEF /* Release */,
			);
			defaultConfigurationIsVisible = 0;
			defaultConfigurationName = Release;
		};
		0B3C41451B5A7F1700D7FEEF /* Build configuration list for PBXNativeTarget "SmartPayment" */ = {
			isa = XCConfigurationList;
			buildConfigurations = (
				0B3C41461B5A7F1700D7FEEF /* Debug */,
				0B3C41471B5A7F1700D7FEEF /* Release */,
			);
			defaultConfigurationIsVisible = 0;
			defaultConfigurationName = Release;
		};
		0B3C41481B5A7F1700D7FEEF /* Build configuration list for PBXNativeTarget "SmartPaymentTests" */ = {
			isa = XCConfigurationList;
			buildConfigurations = (
				0B3C41491B5A7F1700D7FEEF /* Debug */,
				0B3C414A1B5A7F1700D7FEEF /* Release */,
			);
			defaultConfigurationIsVisible = 0;
			defaultConfigurationName = Release;
		};
/* End XCConfigurationList section */
	};
	rootObject = 0B3C411A1B5A7F1700D7FEEF /* Project object */;
}
